// !$*UTF8*$!
{
	archiveVersion = 1;
	classes = {
	};
	objectVersion = 46;
	objects = {

/* Begin PBXBuildFile section */
		993684DE1CF37B5000D3EEA9 /* AppDelegate.swift in Sources */ = {isa = PBXBuildFile; fileRef = 993684DD1CF37B5000D3EEA9 /* AppDelegate.swift */; };
		993684E01CF37B5000D3EEA9 /* ViewController.swift in Sources */ = {isa = PBXBuildFile; fileRef = 993684DF1CF37B5000D3EEA9 /* ViewController.swift */; };
		993684E31CF37B5000D3EEA9 /* Main.storyboard in Resources */ = {isa = PBXBuildFile; fileRef = 993684E11CF37B5000D3EEA9 /* Main.storyboard */; };
		993684E51CF37B5000D3EEA9 /* Assets.xcassets in Resources */ = {isa = PBXBuildFile; fileRef = 993684E41CF37B5000D3EEA9 /* Assets.xcassets */; };
		993684E81CF37B5000D3EEA9 /* LaunchScreen.storyboard in Resources */ = {isa = PBXBuildFile; fileRef = 993684E61CF37B5000D3EEA9 /* LaunchScreen.storyboard */; };
/* End PBXBuildFile section */

/* Begin PBXFileReference section */
		993684DA1CF37B4F00D3EEA9 /* Scrollme.app */ = {isa = PBXFileReference; explicitFileType = wrapper.application; includeInIndex = 0; path = Scrollme.app; sourceTree = BUILT_PRODUCTS_DIR; };
		993684DD1CF37B5000D3EEA9 /* AppDelegate.swift */ = {isa = PBXFileReference; lastKnownFileType = sourcecode.swift; path = AppDelegate.swift; sourceTree = "<group>"; };
		993684DF1CF37B5000D3EEA9 /* ViewController.swift */ = {isa = PBXFileReference; lastKnownFileType = sourcecode.swift; path = ViewController.swift; sourceTree = "<group>"; };
		993684E21CF37B5000D3EEA9 /* Base */ = {isa = PBXFileReference; lastKnownFileType = file.storyboard; name = Base; path = Base.lproj/Main.storyboard; sourceTree = "<group>"; };
		993684E41CF37B5000D3EEA9 /* Assets.xcassets */ = {isa = PBXFileReference; lastKnownFileType = folder.assetcatalog; path = Assets.xcassets; sourceTree = "<group>"; };
		993684E71CF37B5000D3EEA9 /* Base */ = {isa = PBXFileReference; lastKnownFileType = file.storyboard; name = Base; path = Base.lproj/LaunchScreen.storyboard; sourceTree = "<group>"; };
		993684E91CF37B5000D3EEA9 /* Info.plist */ = {isa = PBXFileReference; lastKnownFileType = text.plist.xml; path = Info.plist; sourceTree = "<group>"; };
/* End PBXFileReference section */

/* Begin PBXFrameworksBuildPhase section */
		993684D71CF37B4F00D3EEA9 /* Frameworks */ = {
			isa = PBXFrameworksBuildPhase;
			buildActionMask = 2147483647;
			files = (
			);
			runOnlyForDeploymentPostprocessing = 0;
		};
/* End PBXFrameworksBuildPhase section */

/* Begin PBXGroup section */
		993684D11CF37B4F00D3EEA9 = {
			isa = PBXGroup;
			children = (
				993684DC1CF37B5000D3EEA9 /* Scrollme */,
				993684DB1CF37B4F00D3EEA9 /* Products */,
			);
			sourceTree = "<group>";
		};
		993684DB1CF37B4F00D3EEA9 /* Products */ = {
			isa = PBXGroup;
			children = (
				993684DA1CF37B4F00D3EEA9 /* Scrollme.app */,
			);
			name = Products;
			sourceTree = "<group>";
		};
		993684DC1CF37B5000D3EEA9 /* Scrollme */ = {
			isa = PBXGroup;
			children = (
				993684DD1CF37B5000D3EEA9 /* AppDelegate.swift */,
				993684DF1CF37B5000D3EEA9 /* ViewController.swift */,
				993684E11CF37B5000D3EEA9 /* Main.storyboard */,
				993684E41CF37B5000D3EEA9 /* Assets.xcassets */,
				993684E61CF37B5000D3EEA9 /* LaunchScreen.storyboard */,
				993684E91CF37B5000D3EEA9 /* Info.plist */,
			);
			path = Scrollme;
			sourceTree = "<group>";
		};
/* End PBXGroup section */

/* Begin PBXNativeTarget section */
		993684D91CF37B4F00D3EEA9 /* Scrollme */ = {
			isa = PBXNativeTarget;
			buildConfigurationList = 993684EC1CF37B5000D3EEA9 /* Build configuration list for PBXNativeTarget "Scrollme" */;
			buildPhases = (
				993684D61CF37B4F00D3EEA9 /* Sources */,
				993684D71CF37B4F00D3EEA9 /* Frameworks */,
				993684D81CF37B4F00D3EEA9 /* Resources */,
			);
			buildRules = (
			);
			dependencies = (
			);
			name = Scrollme;
			productName = Scrollme;
			productReference = 993684DA1CF37B4F00D3EEA9 /* Scrollme.app */;
			productType = "com.apple.product-type.application";
		};
/* End PBXNativeTarget section */

/* Begin PBXProject section */
		993684D21CF37B4F00D3EEA9 /* Project object */ = {
			isa = PBXProject;
			attributes = {
				LastSwiftUpdateCheck = 0730;
				LastUpgradeCheck = 0730;
				ORGANIZATIONNAME = Vinter;
				TargetAttributes = {
					993684D91CF37B4F00D3EEA9 = {
						CreatedOnToolsVersion = 7.3.1;
						DevelopmentTeam = YHWUEE2Q99;
					};
				};
			};
			buildConfigurationList = 993684D51CF37B4F00D3EEA9 /* Build configuration list for PBXProject "Scrollme" */;
			compatibilityVersion = "Xcode 3.2";
			developmentRegion = English;
			hasScannedForEncodings = 0;
			knownRegions = (
				en,
				Base,
			);
			mainGroup = 993684D11CF37B4F00D3EEA9;
			productRefGroup = 993684DB1CF37B4F00D3EEA9 /* Products */;
			projectDirPath = "";
			projectRoot = "";
			targets = (
				993684D91CF37B4F00D3EEA9 /* Scrollme */,
			);
		};
/* End PBXProject section */

/* Begin PBXResourcesBuildPhase section */
		993684D81CF37B4F00D3EEA9 /* Resources */ = {
			isa = PBXResourcesBuildPhase;
			buildActionMask = 2147483647;
			files = (
				993684E81CF37B5000D3EEA9 /* LaunchScreen.storyboard in Resources */,
				993684E51CF37B5000D3EEA9 /* Assets.xcassets in Resources */,
				993684E31CF37B5000D3EEA9 /* Main.storyboard in Resources */,
			);
			runOnlyForDeploymentPostprocessing = 0;
		};
/* End PBXResourcesBuildPhase section */

/* Begin PBXSourcesBuildPhase section */
		993684D61CF37B4F00D3EEA9 /* Sources */ = {
			isa = PBXSourcesBuildPhase;
			buildActionMask = 2147483647;
			files = (
				993684E01CF37B5000D3EEA9 /* ViewController.swift in Sources */,
				993684DE1CF37B5000D3EEA9 /* AppDelegate.swift in Sources */,
			);
			runOnlyForDeploymentPostprocessing = 0;
		};
/* End PBXSourcesBuildPhase section */

/* Begin PBXVariantGroup section */
		993684E11CF37B5000D3EEA9 /* Main.storyboard */ = {
			isa = PBXVariantGroup;
			children = (
				993684E21CF37B5000D3EEA9 /* Base */,
			);
			name = Main.storyboard;
			sourceTree = "<group>";
		};
		993684E61CF37B5000D3EEA9 /* LaunchScreen.storyboard */ = {
			isa = PBXVariantGroup;
			children = (
				993684E71CF37B5000D3EEA9 /* Base */,
			);
			name = LaunchScreen.storyboard;
			sourceTree = "<group>";
		};
/* End PBXVariantGroup section */

/* Begin XCBuildConfiguration section */
		993684EA1CF37B5000D3EEA9 /* Debug */ = {
			isa = XCBuildConfiguration;
			buildSettings = {
				ALWAYS_SEARCH_USER_PATHS = NO;
				CLANG_ANALYZER_NONNULL = YES;
				CLANG_CXX_LANGUAGE_STANDARD = "gnu++0x";
				CLANG_CXX_LIBRARY = "libc++";
				CLANG_ENABLE_MODULES = YES;
				CLANG_ENABLE_OBJC_ARC = YES;
				CLANG_WARN_BOOL_CONVERSION = YES;
				CLANG_WARN_CONSTANT_CONVERSION = YES;
				CLANG_WARN_DIRECT_OBJC_ISA_USAGE = YES_ERROR;
				CLANG_WARN_EMPTY_BODY = YES;
				CLANG_WARN_ENUM_CONVERSION = YES;
				CLANG_WARN_INT_CONVERSION = YES;
				CLANG_WARN_OBJC_ROOT_CLASS = YES_ERROR;
				CLANG_WARN_UNREACHABLE_CODE = YES;
				CLANG_WARN__DUPLICATE_METHOD_MATCH = YES;
				"CODE_SIGN_IDENTITY[sdk=iphoneos*]" = "iPhone Developer";
				COPY_PHASE_STRIP = NO;
				DEBUG_INFORMATION_FORMAT = dwarf;
				ENABLE_STRICT_OBJC_MSGSEND = YES;
				ENABLE_TESTABILITY = YES;
				GCC_C_LANGUAGE_STANDARD = gnu99;
				GCC_DYNAMIC_NO_PIC = NO;
				GCC_NO_COMMON_BLOCKS = YES;
				GCC_OPTIMIZATION_LEVEL = 0;
				GCC_PREPROCESSOR_DEFINITIONS = (
					"DEBUG=1",
					"$(inherited)",
				);
				GCC_WARN_64_TO_32_BIT_CONVERSION = YES;
				GCC_WARN_ABOUT_RETURN_TYPE = YES_ERROR;
				GCC_WARN_UNDECLARED_SELECTOR = YES;
				GCC_WARN_UNINITIALIZED_AUTOS = YES_AGGRESSIVE;
				GCC_WARN_UNUSED_FUNCTION = YES;
				GCC_WARN_UNUSED_VARIABLE = YES;
				IPHONEOS_DEPLOYMENT_TARGET = 9.3;
				MTL_ENABLE_DEBUG_INFO = YES;
				ONLY_ACTIVE_ARCH = YES;
				SDKROOT = iphoneos;
				SWIFT_OPTIMIZATION_LEVEL = "-Onone";
			};
			name = Debug;
		};
		993684EB1CF37B5000D3EEA9 /* Release */ = {
			isa = XCBuildConfiguration;
			buildSettings = {
				ALWAYS_SEARCH_USER_PATHS = NO;
				CLANG_ANALYZER_NONNULL = YES;
				CLANG_CXX_LANGUAGE_STANDARD = "gnu++0x";
				CLANG_CXX_LIBRARY = "libc++";
				CLANG_ENABLE_MODULES = YES;
				CLANG_ENABLE_OBJC_ARC = YES;
				CLANG_WARN_BOOL_CONVERSION = YES;
				CLANG_WARN_CONSTANT_CONVERSION = YES;
				CLANG_WARN_DIRECT_OBJC_ISA_USAGE = YES_ERROR;
				CLANG_WARN_EMPTY_BODY = YES;
				CLANG_WARN_ENUM_CONVERSION = YES;
				CLANG_WARN_INT_CONVERSION = YES;
				CLANG_WARN_OBJC_ROOT_CLASS = YES_ERROR;
				CLANG_WARN_UNREACHABLE_CODE = YES;
				CLANG_WARN__DUPLICATE_METHOD_MATCH = YES;
				"CODE_SIGN_IDENTITY[sdk=iphoneos*]" = "iPhone Developer";
				COPY_PHASE_STRIP = NO;
				DEBUG_INFORMATION_FORMAT = "dwarf-with-dsym";
				ENABLE_NS_ASSERTIONS = NO;
				ENABLE_STRICT_OBJC_MSGSEND = YES;
				GCC_C_LANGUAGE_STANDARD = gnu99;
				GCC_NO_COMMON_BLOCKS = YES;
				GCC_WARN_64_TO_32_BIT_CONVERSION = YES;
				GCC_WARN_ABOUT_RETURN_TYPE = YES_ERROR;
				GCC_WARN_UNDECLARED_SELECTOR = YES;
				GCC_WARN_UNINITIALIZED_AUTOS = YES_AGGRESSIVE;
				GCC_WARN_UNUSED_FUNCTION = YES;
				GCC_WARN_UNUSED_VARIABLE = YES;
				IPHONEOS_DEPLOYMENT_TARGET = 9.3;
				MTL_ENABLE_DEBUG_INFO = NO;
				SDKROOT = iphoneos;
				VALIDATE_PRODUCT = YES;
			};
			name = Release;
		};
		993684ED1CF37B5000D3EEA9 /* Debug */ = {
			isa = XCBuildConfiguration;
			buildSettings = {
				ASSETCATALOG_COMPILER_APPICON_NAME = AppIcon;
				INFOPLIST_FILE = Scrollme/Info.plist;
				LD_RUNPATH_SEARCH_PATHS = "$(inherited) @executable_path/Frameworks";
				PRODUCT_BUNDLE_IDENTIFIER = tv.vinter.Scrollme;
				PRODUCT_NAME = "$(TARGET_NAME)";
			};
			name = Debug;
		};
		993684EE1CF37B5000D3EEA9 /* Release */ = {
			isa = XCBuildConfiguration;
			buildSettings = {
				ASSETCATALOG_COMPILER_APPICON_NAME = AppIcon;
				INFOPLIST_FILE = Scrollme/Info.plist;
				LD_RUNPATH_SEARCH_PATHS = "$(inherited) @executable_path/Frameworks";
				PRODUCT_BUNDLE_IDENTIFIER = tv.vinter.Scrollme;
				PRODUCT_NAME = "$(TARGET_NAME)";
			};
			name = Release;
		};
/* End XCBuildConfiguration section */

/* Begin XCConfigurationList section */
		993684D51CF37B4F00D3EEA9 /* Build configuration list for PBXProject "Scrollme" */ = {
			isa = XCConfigurationList;
			buildConfigurations = (
				993684EA1CF37B5000D3EEA9 /* Debug */,
				993684EB1CF37B5000D3EEA9 /* Release */,
			);
			defaultConfigurationIsVisible = 0;
			defaultConfigurationName = Release;
		};
		993684EC1CF37B5000D3EEA9 /* Build configuration list for PBXNativeTarget "Scrollme" */ = {
			isa = XCConfigurationList;
			buildConfigurations = (
				993684ED1CF37B5000D3EEA9 /* Debug */,
				993684EE1CF37B5000D3EEA9 /* Release */,
			);
			defaultConfigurationIsVisible = 0;
		};
/* End XCConfigurationList section */
	};
	rootObject = 993684D21CF37B4F00D3EEA9 /* Project object */;
}
